
Microsoft Visual Studio Solution File, Format Version 12.00
# Visual Studio 14
VisualStudioVersion = 14.0.25420.1
MinimumVisualStudioVersion = 10.0.40219.1
Project("{FAE04EC0-301F-11D3-BF4B-00C04F79EFBC}") = "Quota.Repositories.Container", "Lsm.Services.Container\Quota.Repositories.Container.csproj", "{B5556090-2CF0-4731-ACF9-595E887EEDE6}"
EndProject
Project("{2150E333-8FDC-42A3-9474-1A3956D46DE8}") = "src", "src", "{57DC73CB-472B-4567-A414-122C3872A519}"
EndProject
Project("{2150E333-8FDC-42A3-9474-1A3956D46DE8}") = "tests", "tests", "{51D58B83-7683-47B2-A111-89AD5525D85E}"
EndProject
Project("{FAE04EC0-301F-11D3-BF4B-00C04F79EFBC}") = "Lsm.Web.Quota_Original", "Lsm.Web\Lsm.Web.Quota_Original.csproj", "{6DA356C9-5D1F-4018-9631-43AA0CDB6FCB}"
EndProject
Project("{FAE04EC0-301F-11D3-BF4B-00C04F79EFBC}") = "Quota.Web", "Quota\Quota.Web.csproj", "{EB085A07-3D93-418D-88AF-51A212784FE1}"
EndProject
Project("{2150E333-8FDC-42A3-9474-1A3956D46DE8}") = "src.old", "src.old", "{A4100F5D-5C87-429E-8BE9-924EE0AEAFC1}"
EndProject
Project("{FAE04EC0-301F-11D3-BF4B-00C04F79EFBC}") = "Quota.Services.Validations", "Lsm.Services.Component.Requisitions.Validations\Quota.Services.Validations.csproj", "{C185039A-79AE-47FF-BCB5-419FFF9579A4}"
EndProject
Project("{2150E333-8FDC-42A3-9474-1A3956D46DE8}") = "Services", "Services", "{FA4B20A1-FF12-41E9-B08E-309064300667}"
EndProject
Project("{2150E333-8FDC-42A3-9474-1A3956D46DE8}") = "Repository", "Repository", "{9FE05E99-FE4B-424C-BD29-75B578EAB3ED}"
EndProject
Project("{2150E333-8FDC-42A3-9474-1A3956D46DE8}") = "Presentation", "Presentation", "{9B01C950-D5C1-461B-A0C6-DC1DD9B2BABF}"
EndProject
Project("{FAE04EC0-301F-11D3-BF4B-00C04F79EFBC}") = "Quota.Repositories.Services", "Lsm.Services.Web.Repository\Quota.Repositories.Services.csproj", "{2C2DEA7B-160C-41FC-A4A2-69BB80EAF4DC}"
EndProject
Project("{FAE04EC0-301F-11D3-BF4B-00C04F79EFBC}") = "Lsm.Tests", "Lsm.Component.Unit.Tests\Lsm.Tests.csproj", "{2EB554B7-C5C5-49DB-8ECD-A5875D6E2810}"
EndProject
Project("{2150E333-8FDC-42A3-9474-1A3956D46DE8}") = "core", "core", "{34390C6D-A3D7-45E6-847C-F7821B3A0F4E}"
EndProject
Project("{2150E333-8FDC-42A3-9474-1A3956D46DE8}") = "Repository", "Repository", "{56C59EFC-2ABF-4189-92F8-498EA9D2CBD8}"
EndProject
Project("{FAE04EC0-301F-11D3-BF4B-00C04F79EFBC}") = "Core.Repositories.Migrations", "..\..\DoE.Core\Core.Data.Migration\Core.Repositories.Migrations.csproj", "{E8EF6AFF-7DA8-4D35-95F0-536DDDEF56AD}"
EndProject
Project("{2150E333-8FDC-42A3-9474-1A3956D46DE8}") = "Services", "Services", "{9D1463A4-8B6D-4672-8031-1D129650649C}"
EndProject
Project("{FAE04EC0-301F-11D3-BF4B-00C04F79EFBC}") = "Core.Logger", "..\..\DoE.Core\Core.Logger\Core.Logger.csproj", "{0A23911C-2982-4B7C-B3BC-3975048998B3}"
EndProject
Project("{FAE04EC0-301F-11D3-BF4B-00C04F79EFBC}") = "Core.Validation", "..\..\DoE.Core\Core.Validation\Core.Validation.csproj", "{7A326E4F-2018-4818-8B45-BD64AF79C28F}"
EndProject
Project("{FAE04EC0-301F-11D3-BF4B-00C04F79EFBC}") = "Core.Notifications.Signalr", "..\..\DoE.Core\Core.Web.Notify\Core.Notifications.Signalr.csproj", "{42CE4524-5AFC-4CE8-8A4B-EDADEF4F25BF}"
EndProject
Project("{2150E333-8FDC-42A3-9474-1A3956D46DE8}") = "Utilities", "Utilities", "{CCF92B61-312D-4685-A2C1-46723B2E9424}"
EndProject
Project("{FAE04EC0-301F-11D3-BF4B-00C04F79EFBC}") = "Core.Exceptions", "..\..\DoE.Core\Core.Exceptions\Core.Exceptions.csproj", "{3848F295-6264-47CA-9F77-174E07947756}"
EndProject
Project("{FAE04EC0-301F-11D3-BF4B-00C04F79EFBC}") = "Core.Files", "..\..\DoE.Core\Core.Files\Core.Files.csproj", "{F6EF9CD6-6055-43D2-BA57-C946F1B69646}"
EndProject
Project("{FAE04EC0-301F-11D3-BF4B-00C04F79EFBC}") = "Core.Tests", "..\..\DoE.Core\Core.Tests\Core.Tests.csproj", "{D0514A8E-9DD2-4998-B87F-27FBB91AC4C6}"
EndProject
Project("{FAE04EC0-301F-11D3-BF4B-00C04F79EFBC}") = "Quota.Repositories.BusinessInterops", "Lsm.Services.Intergration.EPoints\Quota.Repositories.BusinessInterops.csproj", "{48724AC4-362D-41EB-8ACE-4306EC3830BE}"
EndProject
Project("{FAE04EC0-301F-11D3-BF4B-00C04F79EFBC}") = "Quota.Entities", "Quota.Entities\Quota.Entities.csproj", "{F144B258-E623-497E-8379-47FE94C38F17}"
EndProject
Project("{FAE04EC0-301F-11D3-BF4B-00C04F79EFBC}") = "Core.Repositories", "..\..\DoE.Core\Core.Repositories\Core.Repositories.csproj", "{060EF1C2-422A-473B-9AC1-638CFB59A1B9}"
EndProject
Project("{FAE04EC0-301F-11D3-BF4B-00C04F79EFBC}") = "Core.Repositories.GenericSearch", "..\..\DoE.Core\Core.Repositories.Search\Core.Repositories.GenericSearch.csproj", "{09ACA31D-F2F8-4572-B8F6-4B84A0538EB2}"
EndProject
Project("{FAE04EC0-301F-11D3-BF4B-00C04F79EFBC}") = "Core.Repositories.BusinessInterOps", "..\..\DoE.Core\Core.Services.Interprice\Core.Repositories.BusinessInterOps.csproj", "{CF94B428-10B9-46C1-ABD2-D7A9B30C7DE8}"
EndProject
Project("{FAE04EC0-301F-11D3-BF4B-00C04F79EFBC}") = "Core.Extensions", "..\..\DoE.Core\Core.GlobalExtensions\Core.Extensions.csproj", "{941BE2DF-23E1-4552-A5A6-A3098392287B}"
EndProject
Project("{FAE04EC0-301F-11D3-BF4B-00C04F79EFBC}") = "Core.Globalization", "..\..\DoE.Core\Core.Globalization\Core.Globalization.csproj", "{5AA1DD40-9615-4F38-8DC2-E603DD816202}"
EndProject
Project("{FAE04EC0-301F-11D3-BF4B-00C04F79EFBC}") = "Core.Security", "..\..\DoE.Core\Core.Security\Core.Security.csproj", "{21CD48C4-6AE7-43D0-86BB-B40D163DA435}"
EndProject
Project("{FAE04EC0-301F-11D3-BF4B-00C04F79EFBC}") = "Core.Identity.GroupPolicy", "..\..\DoE.Core\Core.Identity.GroupPolicy\Core.Identity.GroupPolicy.csproj", "{B5904566-1F7B-4A7D-BF7D-02F7D3D61DE4}"
EndProject
Project("{FAE04EC0-301F-11D3-BF4B-00C04F79EFBC}") = "Core.Models", "..\..\DoE.Core\Core.Models\Core.Models.csproj", "{9E9C44A7-600E-4EFB-8A64-3F8F510CC9A8}"
EndProject
Project("{FAE04EC0-301F-11D3-BF4B-00C04F79EFBC}") = "Core.WebUtility", "..\..\DoE.Core\Core.WebUtility\Core.WebUtility.csproj", "{75D4EB29-936A-405D-BAC8-B6CE3BCBDB46}"
EndProject
Project("{FAE04EC0-301F-11D3-BF4B-00C04F79EFBC}") = "Quota.Repositories", "Quota.Repositories\Quota.Repositories.csproj", "{7E8C0842-0FE6-47DE-8F70-A9533A7C5C09}"
EndProject
Global
	GlobalSection(SolutionConfigurationPlatforms) = preSolution
		Debug|Any CPU = Debug|Any CPU
		Release|Any CPU = Release|Any CPU
	EndGlobalSection
	GlobalSection(ProjectConfigurationPlatforms) = postSolution
		{B5556090-2CF0-4731-ACF9-595E887EEDE6}.Debug|Any CPU.ActiveCfg = Debug|Any CPU
		{B5556090-2CF0-4731-ACF9-595E887EEDE6}.Debug|Any CPU.Build.0 = Debug|Any CPU
		{B5556090-2CF0-4731-ACF9-595E887EEDE6}.Release|Any CPU.ActiveCfg = Release|Any CPU
		{B5556090-2CF0-4731-ACF9-595E887EEDE6}.Release|Any CPU.Build.0 = Release|Any CPU
		{6DA356C9-5D1F-4018-9631-43AA0CDB6FCB}.Debug|Any CPU.ActiveCfg = Debug|Any CPU
		{6DA356C9-5D1F-4018-9631-43AA0CDB6FCB}.Debug|Any CPU.Build.0 = Debug|Any CPU
		{6DA356C9-5D1F-4018-9631-43AA0CDB6FCB}.Release|Any CPU.ActiveCfg = Release|Any CPU
		{6DA356C9-5D1F-4018-9631-43AA0CDB6FCB}.Release|Any CPU.Build.0 = Release|Any CPU
		{EB085A07-3D93-418D-88AF-51A212784FE1}.Debug|Any CPU.ActiveCfg = Debug|Any CPU
		{EB085A07-3D93-418D-88AF-51A212784FE1}.Debug|Any CPU.Build.0 = Debug|Any CPU
		{EB085A07-3D93-418D-88AF-51A212784FE1}.Release|Any CPU.ActiveCfg = Release|Any CPU
		{EB085A07-3D93-418D-88AF-51A212784FE1}.Release|Any CPU.Build.0 = Release|Any CPU
		{C185039A-79AE-47FF-BCB5-419FFF9579A4}.Debug|Any CPU.ActiveCfg = Debug|Any CPU
		{C185039A-79AE-47FF-BCB5-419FFF9579A4}.Debug|Any CPU.Build.0 = Debug|Any CPU
		{C185039A-79AE-47FF-BCB5-419FFF9579A4}.Release|Any CPU.ActiveCfg = Release|Any CPU
		{C185039A-79AE-47FF-BCB5-419FFF9579A4}.Release|Any CPU.Build.0 = Release|Any CPU
		{2C2DEA7B-160C-41FC-A4A2-69BB80EAF4DC}.Debug|Any CPU.ActiveCfg = Debug|Any CPU
		{2C2DEA7B-160C-41FC-A4A2-69BB80EAF4DC}.Debug|Any CPU.Build.0 = Debug|Any CPU
		{2C2DEA7B-160C-41FC-A4A2-69BB80EAF4DC}.Release|Any CPU.ActiveCfg = Release|Any CPU
		{2C2DEA7B-160C-41FC-A4A2-69BB80EAF4DC}.Release|Any CPU.Build.0 = Release|Any CPU
		{2EB554B7-C5C5-49DB-8ECD-A5875D6E2810}.Debug|Any CPU.ActiveCfg = Debug|Any CPU
		{2EB554B7-C5C5-49DB-8ECD-A5875D6E2810}.Debug|Any CPU.Build.0 = Debug|Any CPU
		{2EB554B7-C5C5-49DB-8ECD-A5875D6E2810}.Release|Any CPU.ActiveCfg = Release|Any CPU
		{2EB554B7-C5C5-49DB-8ECD-A5875D6E2810}.Release|Any CPU.Build.0 = Release|Any CPU
		{E8EF6AFF-7DA8-4D35-95F0-536DDDEF56AD}.Debug|Any CPU.ActiveCfg = Debug|Any CPU
		{E8EF6AFF-7DA8-4D35-95F0-536DDDEF56AD}.Debug|Any CPU.Build.0 = Debug|Any CPU
		{E8EF6AFF-7DA8-4D35-95F0-536DDDEF56AD}.Release|Any CPU.ActiveCfg = Release|Any CPU
		{E8EF6AFF-7DA8-4D35-95F0-536DDDEF56AD}.Release|Any CPU.Build.0 = Release|Any CPU
		{0A23911C-2982-4B7C-B3BC-3975048998B3}.Debug|Any CPU.ActiveCfg = Debug|Any CPU
		{0A23911C-2982-4B7C-B3BC-3975048998B3}.Debug|Any CPU.Build.0 = Debug|Any CPU
		{0A23911C-2982-4B7C-B3BC-3975048998B3}.Release|Any CPU.ActiveCfg = Release|Any CPU
		{0A23911C-2982-4B7C-B3BC-3975048998B3}.Release|Any CPU.Build.0 = Release|Any CPU
		{7A326E4F-2018-4818-8B45-BD64AF79C28F}.Debug|Any CPU.ActiveCfg = Debug|Any CPU
		{7A326E4F-2018-4818-8B45-BD64AF79C28F}.Debug|Any CPU.Build.0 = Debug|Any CPU
		{7A326E4F-2018-4818-8B45-BD64AF79C28F}.Release|Any CPU.ActiveCfg = Release|Any CPU
		{7A326E4F-2018-4818-8B45-BD64AF79C28F}.Release|Any CPU.Build.0 = Release|Any CPU
		{42CE4524-5AFC-4CE8-8A4B-EDADEF4F25BF}.Debug|Any CPU.ActiveCfg = Debug|Any CPU
		{42CE4524-5AFC-4CE8-8A4B-EDADEF4F25BF}.Debug|Any CPU.Build.0 = Debug|Any CPU
		{42CE4524-5AFC-4CE8-8A4B-EDADEF4F25BF}.Release|Any CPU.ActiveCfg = Release|Any CPU
		{42CE4524-5AFC-4CE8-8A4B-EDADEF4F25BF}.Release|Any CPU.Build.0 = Release|Any CPU
		{3848F295-6264-47CA-9F77-174E07947756}.Debug|Any CPU.ActiveCfg = Debug|Any CPU
		{3848F295-6264-47CA-9F77-174E07947756}.Debug|Any CPU.Build.0 = Debug|Any CPU
		{3848F295-6264-47CA-9F77-174E07947756}.Release|Any CPU.ActiveCfg = Release|Any CPU
		{3848F295-6264-47CA-9F77-174E07947756}.Release|Any CPU.Build.0 = Release|Any CPU
		{F6EF9CD6-6055-43D2-BA57-C946F1B69646}.Debug|Any CPU.ActiveCfg = Debug|Any CPU
		{F6EF9CD6-6055-43D2-BA57-C946F1B69646}.Debug|Any CPU.Build.0 = Debug|Any CPU
		{F6EF9CD6-6055-43D2-BA57-C946F1B69646}.Release|Any CPU.ActiveCfg = Release|Any CPU
		{F6EF9CD6-6055-43D2-BA57-C946F1B69646}.Release|Any CPU.Build.0 = Release|Any CPU
		{D0514A8E-9DD2-4998-B87F-27FBB91AC4C6}.Debug|Any CPU.ActiveCfg = Debug|Any CPU
		{D0514A8E-9DD2-4998-B87F-27FBB91AC4C6}.Debug|Any CPU.Build.0 = Debug|Any CPU
		{D0514A8E-9DD2-4998-B87F-27FBB91AC4C6}.Release|Any CPU.ActiveCfg = Release|Any CPU
		{D0514A8E-9DD2-4998-B87F-27FBB91AC4C6}.Release|Any CPU.Build.0 = Release|Any CPU
		{48724AC4-362D-41EB-8ACE-4306EC3830BE}.Debug|Any CPU.ActiveCfg = Debug|Any CPU
		{48724AC4-362D-41EB-8ACE-4306EC3830BE}.Debug|Any CPU.Build.0 = Debug|Any CPU
		{48724AC4-362D-41EB-8ACE-4306EC3830BE}.Release|Any CPU.ActiveCfg = Release|Any CPU
		{48724AC4-362D-41EB-8ACE-4306EC3830BE}.Release|Any CPU.Build.0 = Release|Any CPU
		{F144B258-E623-497E-8379-47FE94C38F17}.Debug|Any CPU.ActiveCfg = Debug|Any CPU
		{F144B258-E623-497E-8379-47FE94C38F17}.Debug|Any CPU.Build.0 = Debug|Any CPU
		{F144B258-E623-497E-8379-47FE94C38F17}.Release|Any CPU.ActiveCfg = Release|Any CPU
		{F144B258-E623-497E-8379-47FE94C38F17}.Release|Any CPU.Build.0 = Release|Any CPU
		{060EF1C2-422A-473B-9AC1-638CFB59A1B9}.Debug|Any CPU.ActiveCfg = Debug|Any CPU
		{060EF1C2-422A-473B-9AC1-638CFB59A1B9}.Debug|Any CPU.Build.0 = Debug|Any CPU
		{060EF1C2-422A-473B-9AC1-638CFB59A1B9}.Release|Any CPU.ActiveCfg = Release|Any CPU
		{060EF1C2-422A-473B-9AC1-638CFB59A1B9}.Release|Any CPU.Build.0 = Release|Any CPU
		{09ACA31D-F2F8-4572-B8F6-4B84A0538EB2}.Debug|Any CPU.ActiveCfg = Debug|Any CPU
		{09ACA31D-F2F8-4572-B8F6-4B84A0538EB2}.Debug|Any CPU.Build.0 = Debug|Any CPU
		{09ACA31D-F2F8-4572-B8F6-4B84A0538EB2}.Release|Any CPU.ActiveCfg = Release|Any CPU
		{09ACA31D-F2F8-4572-B8F6-4B84A0538EB2}.Release|Any CPU.Build.0 = Release|Any CPU
		{CF94B428-10B9-46C1-ABD2-D7A9B30C7DE8}.Debug|Any CPU.ActiveCfg = Debug|Any CPU
		{CF94B428-10B9-46C1-ABD2-D7A9B30C7DE8}.Debug|Any CPU.Build.0 = Debug|Any CPU
		{CF94B428-10B9-46C1-ABD2-D7A9B30C7DE8}.Release|Any CPU.ActiveCfg = Release|Any CPU
		{CF94B428-10B9-46C1-ABD2-D7A9B30C7DE8}.Release|Any CPU.Build.0 = Release|Any CPU
		{941BE2DF-23E1-4552-A5A6-A3098392287B}.Debug|Any CPU.ActiveCfg = Debug|Any CPU
		{941BE2DF-23E1-4552-A5A6-A3098392287B}.Debug|Any CPU.Build.0 = Debug|Any CPU
		{941BE2DF-23E1-4552-A5A6-A3098392287B}.Release|Any CPU.ActiveCfg = Release|Any CPU
		{941BE2DF-23E1-4552-A5A6-A3098392287B}.Release|Any CPU.Build.0 = Release|Any CPU
		{5AA1DD40-9615-4F38-8DC2-E603DD816202}.Debug|Any CPU.ActiveCfg = Debug|Any CPU
		{5AA1DD40-9615-4F38-8DC2-E603DD816202}.Debug|Any CPU.Build.0 = Debug|Any CPU
		{5AA1DD40-9615-4F38-8DC2-E603DD816202}.Release|Any CPU.ActiveCfg = Release|Any CPU
		{5AA1DD40-9615-4F38-8DC2-E603DD816202}.Release|Any CPU.Build.0 = Release|Any CPU
		{21CD48C4-6AE7-43D0-86BB-B40D163DA435}.Debug|Any CPU.ActiveCfg = Debug|Any CPU
		{21CD48C4-6AE7-43D0-86BB-B40D163DA435}.Debug|Any CPU.Build.0 = Debug|Any CPU
		{21CD48C4-6AE7-43D0-86BB-B40D163DA435}.Release|Any CPU.ActiveCfg = Release|Any CPU
		{21CD48C4-6AE7-43D0-86BB-B40D163DA435}.Release|Any CPU.Build.0 = Release|Any CPU
		{B5904566-1F7B-4A7D-BF7D-02F7D3D61DE4}.Debug|Any CPU.ActiveCfg = Debug|Any CPU
		{B5904566-1F7B-4A7D-BF7D-02F7D3D61DE4}.Debug|Any CPU.Build.0 = Debug|Any CPU
		{B5904566-1F7B-4A7D-BF7D-02F7D3D61DE4}.Release|Any CPU.ActiveCfg = Release|Any CPU
		{B5904566-1F7B-4A7D-BF7D-02F7D3D61DE4}.Release|Any CPU.Build.0 = Release|Any CPU
		{9E9C44A7-600E-4EFB-8A64-3F8F510CC9A8}.Debug|Any CPU.ActiveCfg = Debug|Any CPU
		{9E9C44A7-600E-4EFB-8A64-3F8F510CC9A8}.Debug|Any CPU.Build.0 = Debug|Any CPU
		{9E9C44A7-600E-4EFB-8A64-3F8F510CC9A8}.Release|Any CPU.ActiveCfg = Release|Any CPU
		{9E9C44A7-600E-4EFB-8A64-3F8F510CC9A8}.Release|Any CPU.Build.0 = Release|Any CPU
		{75D4EB29-936A-405D-BAC8-B6CE3BCBDB46}.Debug|Any CPU.ActiveCfg = Debug|Any CPU
		{75D4EB29-936A-405D-BAC8-B6CE3BCBDB46}.Debug|Any CPU.Build.0 = Debug|Any CPU
		{75D4EB29-936A-405D-BAC8-B6CE3BCBDB46}.Release|Any CPU.ActiveCfg = Release|Any CPU
		{75D4EB29-936A-405D-BAC8-B6CE3BCBDB46}.Release|Any CPU.Build.0 = Release|Any CPU
		{7E8C0842-0FE6-47DE-8F70-A9533A7C5C09}.Debug|Any CPU.ActiveCfg = Debug|Any CPU
		{7E8C0842-0FE6-47DE-8F70-A9533A7C5C09}.Debug|Any CPU.Build.0 = Debug|Any CPU
		{7E8C0842-0FE6-47DE-8F70-A9533A7C5C09}.Release|Any CPU.ActiveCfg = Release|Any CPU
		{7E8C0842-0FE6-47DE-8F70-A9533A7C5C09}.Release|Any CPU.Build.0 = Release|Any CPU
	EndGlobalSection
	GlobalSection(SolutionProperties) = preSolution
		HideSolutionNode = FALSE
	EndGlobalSection
	GlobalSection(NestedProjects) = preSolution
		{B5556090-2CF0-4731-ACF9-595E887EEDE6} = {9FE05E99-FE4B-424C-BD29-75B578EAB3ED}
		{6DA356C9-5D1F-4018-9631-43AA0CDB6FCB} = {A4100F5D-5C87-429E-8BE9-924EE0AEAFC1}
		{EB085A07-3D93-418D-88AF-51A212784FE1} = {9B01C950-D5C1-461B-A0C6-DC1DD9B2BABF}
		{C185039A-79AE-47FF-BCB5-419FFF9579A4} = {FA4B20A1-FF12-41E9-B08E-309064300667}
		{FA4B20A1-FF12-41E9-B08E-309064300667} = {57DC73CB-472B-4567-A414-122C3872A519}
		{9FE05E99-FE4B-424C-BD29-75B578EAB3ED} = {57DC73CB-472B-4567-A414-122C3872A519}
		{9B01C950-D5C1-461B-A0C6-DC1DD9B2BABF} = {57DC73CB-472B-4567-A414-122C3872A519}
		{2C2DEA7B-160C-41FC-A4A2-69BB80EAF4DC} = {9FE05E99-FE4B-424C-BD29-75B578EAB3ED}
		{2EB554B7-C5C5-49DB-8ECD-A5875D6E2810} = {51D58B83-7683-47B2-A111-89AD5525D85E}
		{56C59EFC-2ABF-4189-92F8-498EA9D2CBD8} = {34390C6D-A3D7-45E6-847C-F7821B3A0F4E}
		{E8EF6AFF-7DA8-4D35-95F0-536DDDEF56AD} = {56C59EFC-2ABF-4189-92F8-498EA9D2CBD8}
		{9D1463A4-8B6D-4672-8031-1D129650649C} = {34390C6D-A3D7-45E6-847C-F7821B3A0F4E}
		{0A23911C-2982-4B7C-B3BC-3975048998B3} = {9D1463A4-8B6D-4672-8031-1D129650649C}
		{7A326E4F-2018-4818-8B45-BD64AF79C28F} = {9D1463A4-8B6D-4672-8031-1D129650649C}
		{42CE4524-5AFC-4CE8-8A4B-EDADEF4F25BF} = {34390C6D-A3D7-45E6-847C-F7821B3A0F4E}
		{CCF92B61-312D-4685-A2C1-46723B2E9424} = {34390C6D-A3D7-45E6-847C-F7821B3A0F4E}
		{3848F295-6264-47CA-9F77-174E07947756} = {CCF92B61-312D-4685-A2C1-46723B2E9424}
		{F6EF9CD6-6055-43D2-BA57-C946F1B69646} = {34390C6D-A3D7-45E6-847C-F7821B3A0F4E}
		{D0514A8E-9DD2-4998-B87F-27FBB91AC4C6} = {51D58B83-7683-47B2-A111-89AD5525D85E}
		{48724AC4-362D-41EB-8ACE-4306EC3830BE} = {9FE05E99-FE4B-424C-BD29-75B578EAB3ED}
		{F144B258-E623-497E-8379-47FE94C38F17} = {57DC73CB-472B-4567-A414-122C3872A519}
		{060EF1C2-422A-473B-9AC1-638CFB59A1B9} = {56C59EFC-2ABF-4189-92F8-498EA9D2CBD8}
		{09ACA31D-F2F8-4572-B8F6-4B84A0538EB2} = {56C59EFC-2ABF-4189-92F8-498EA9D2CBD8}
		{CF94B428-10B9-46C1-ABD2-D7A9B30C7DE8} = {56C59EFC-2ABF-4189-92F8-498EA9D2CBD8}
		{941BE2DF-23E1-4552-A5A6-A3098392287B} = {CCF92B61-312D-4685-A2C1-46723B2E9424}
		{5AA1DD40-9615-4F38-8DC2-E603DD816202} = {CCF92B61-312D-4685-A2C1-46723B2E9424}
		{21CD48C4-6AE7-43D0-86BB-B40D163DA435} = {CCF92B61-312D-4685-A2C1-46723B2E9424}
		{B5904566-1F7B-4A7D-BF7D-02F7D3D61DE4} = {34390C6D-A3D7-45E6-847C-F7821B3A0F4E}
		{9E9C44A7-600E-4EFB-8A64-3F8F510CC9A8} = {34390C6D-A3D7-45E6-847C-F7821B3A0F4E}
		{75D4EB29-936A-405D-BAC8-B6CE3BCBDB46} = {34390C6D-A3D7-45E6-847C-F7821B3A0F4E}
		{7E8C0842-0FE6-47DE-8F70-A9533A7C5C09} = {9FE05E99-FE4B-424C-BD29-75B578EAB3ED}
	EndGlobalSection
EndGlobal
